
Microsoft Visual Studio Solution File, Format Version 12.00
# Visual Studio Version 17
VisualStudioVersion = 17.6.33815.320
MinimumVisualStudioVersion = 10.0.40219.1
Project("{FAE04EC0-301F-11D3-BF4B-00C04F79EFBC}") = "CSharpGameServer", "CSharpGameServer\CSharpGameServer.csproj", "{ADF5D086-9F6E-4D3D-B8B0-BA3713B24984}"
EndProject
Global
	GlobalSection(SolutionConfigurationPlatforms) = preSolution
		Debug|Any CPU = Debug|Any CPU
		Release|Any CPU = Release|Any CPU
	EndGlobalSection
	GlobalSection(ProjectConfigurationPlatforms) = postSolution
		{ADF5D086-9F6E-4D3D-B8B0-BA3713B24984}.Debug|Any CPU.ActiveCfg = Debug|Any CPU
		{ADF5D086-9F6E-4D3D-B8B0-BA3713B24984}.Debug|Any CPU.Build.0 = Debug|Any CPU
		{ADF5D086-9F6E-4D3D-B8B0-BA3713B24984}.Release|Any CPU.ActiveCfg = Release|Any CPU
		{ADF5D086-9F6E-4D3D-B8B0-BA3713B24984}.Release|Any CPU.Build.0 = Release|Any CPU
	EndGlobalSection
	GlobalSection(SolutionProperties) = preSolution
		HideSolutionNode = FALSE
	EndGlobalSection
	GlobalSection(ExtensibilityGlobals) = postSolution
		SolutionGuid = {6CF97759-97B4-43CB-B170-2A2B22A6BC36}
	EndGlobalSection
EndGlobal
